{
  "name": "stencil-test",
  "version": "0.0.1",
  "lockfileVersion": 1,
  "requires": true,
  "dependencies": {
    "@stencil/core": {
      "version": "2.6.0",
      "resolved": "https://registry.npmjs.org/@stencil/core/-/core-2.6.0.tgz",
      "integrity": "sha512-QsxWayZyusnqSZrlCl81R71rA3KqFjVVQSH4E0rGN15F1GdQaFonKlHLyCOLKLig1zzC+DQkLLiUuocexuvdeQ=="
    },
    "ress": {
      "version": "4.0.0",
      "resolved": "https://registry.npmjs.org/ress/-/ress-4.0.0.tgz",
      "integrity": "sha512-awpQM9e6VL6ljw4XuH/ww2q4IEU0SAY9Lcvu4h4nIB5c5XhTUXH3Me8WA0zW3s3naU79lY8uVUJg30dvKJ5cNw=="
    }
  }
}
